
Microsoft Visual Studio Solution File, Format Version 12.00
# Visual Studio Version 17
VisualStudioVersion = 17.9.34902.65
MinimumVisualStudioVersion = 10.0.40219.1
Project("{2150E333-8FDC-42A3-9474-1A3956D46DE8}") = "Enterprise Business Rules", "Enterprise Business Rules", "{90DECCA2-5DF2-4525-9786-607C1C29DA65}"
EndProject
Project("{2150E333-8FDC-42A3-9474-1A3956D46DE8}") = "Application Business Rules", "Application Business Rules", "{B62D6CB1-0BC6-479E-9694-2525993233BC}"
EndProject
Project("{2150E333-8FDC-42A3-9474-1A3956D46DE8}") = "Interface Adapters", "Interface Adapters", "{1407D4B5-6CC7-453D-A3A6-185AB5088BD1}"
EndProject
Project("{2150E333-8FDC-42A3-9474-1A3956D46DE8}") = "Frameworks And Drivers", "Frameworks And Drivers", "{4FDD8FE0-E784-4086-9140-43F51BF55E83}"
EndProject
Project("{2150E333-8FDC-42A3-9474-1A3956D46DE8}") = "Business Objects", "Business Objects", "{0D93519D-FDC0-4274-B106-7D42F3657DDA}"
EndProject
Project("{9A19103F-16F7-4668-BE54-9A1E7A4F7556}") = "Test.Backend.BusinessObjects", "Test.Backend.BusinessObjects\Test.Backend.BusinessObjects.csproj", "{12D2511C-5023-428B-80D7-14ED705B453D}"
EndProject
Project("{9A19103F-16F7-4668-BE54-9A1E7A4F7556}") = "Test.Shared.BusinessObjects", "Test.Shared.BusinessObjects\Test.Shared.BusinessObjects.csproj", "{084B99A4-F323-4C2A-B567-6A3A95886DBF}"
EndProject
Project("{9A19103F-16F7-4668-BE54-9A1E7A4F7556}") = "Test.FrontEnd.BusinessObjects", "Test.FrontEnd.BusinessObjects\Test.FrontEnd.BusinessObjects.csproj", "{7A435020-CDE0-4A86-A092-7FCCBDD0007C}"
EndProject
Project("{9A19103F-16F7-4668-BE54-9A1E7A4F7556}") = "Test.UseCases", "Test.UseCases\Test.UseCases.csproj", "{B154190F-C7B5-4236-92E2-7CF6D6E94295}"
EndProject
Project("{9A19103F-16F7-4668-BE54-9A1E7A4F7556}") = "Test.Controllers", "Test.Controllers\Test.Controllers.csproj", "{B0759E96-F857-4867-B5D9-53C1B92BF7C2}"
EndProject
Project("{2150E333-8FDC-42A3-9474-1A3956D46DE8}") = "Controllers", "Controllers", "{667D6853-C42E-4440-9FA2-F811401BE6C9}"
EndProject
Project("{2150E333-8FDC-42A3-9474-1A3956D46DE8}") = "Gateways", "Gateways", "{30A182E6-2164-448E-9D7B-CF0E230379B8}"
EndProject
Project("{2150E333-8FDC-42A3-9474-1A3956D46DE8}") = "Repositories", "Repositories", "{9FDAF820-A66A-4064-872A-18DEA70F94D4}"
EndProject
Project("{9A19103F-16F7-4668-BE54-9A1E7A4F7556}") = "Test.ADO.Repositories", "Test.ADO.Repositories\Test.ADO.Repositories.csproj", "{9F6B4D84-D873-47BD-A4CD-3425403CD0E5}"
EndProject
Project("{2150E333-8FDC-42A3-9474-1A3956D46DE8}") = "LibraryADONet", "LibraryADONet", "{50A3ACD5-0818-4372-A945-F5D7F625EC4D}"
EndProject
Project("{9A19103F-16F7-4668-BE54-9A1E7A4F7556}") = "Test.ADO.SqlServer", "Test.ADO.SqlServer\Test.ADO.SqlServer.csproj", "{710294D3-6CF4-428F-A351-A00EAAC4CF42}"
EndProject
Project("{2150E333-8FDC-42A3-9474-1A3956D46DE8}") = "WebApiGateways", "WebApiGateways", "{7D3A023D-07AD-4672-A640-8749E2B64422}"
EndProject
Project("{9A19103F-16F7-4668-BE54-9A1E7A4F7556}") = "Test.Gateways", "Test.Gateways\Test.Gateways.csproj", "{BAA2E0A5-A05F-4510-905C-F1ECB1D94846}"
EndProject
Project("{2150E333-8FDC-42A3-9474-1A3956D46DE8}") = "IoCs", "IoCs", "{99B997CE-6E8C-415B-834E-9FD3996CF265}"
EndProject
Project("{9A19103F-16F7-4668-BE54-9A1E7A4F7556}") = "Test.Backend.IoC", "Test.Backend.IoC\Test.Backend.IoC.csproj", "{FFB16877-1869-4919-AA95-DBE656413BA8}"
EndProject
Project("{9A19103F-16F7-4668-BE54-9A1E7A4F7556}") = "Test.Frontend.IoC", "Test.Frontend.IoC\Test.Frontend.IoC.csproj", "{CA147AC7-7B3A-416A-9B46-D6BBAE39A051}"
EndProject
Project("{2150E333-8FDC-42A3-9474-1A3956D46DE8}") = "Views", "Views", "{9CB555C7-13E0-4C6F-A0EF-0230763DC6D3}"
EndProject
Project("{FAE04EC0-301F-11D3-BF4B-00C04F79EFBC}") = "Test.Razor.Views", "Test.Razor.Views\Test.Razor.Views.csproj", "{38B83A36-305C-420D-85D0-6C501F175757}"
EndProject
Project("{2150E333-8FDC-42A3-9474-1A3956D46DE8}") = "UIs", "UIs", "{EE754F7D-BA72-41A1-BA50-F44361FD6BE1}"
EndProject
Project("{FAE04EC0-301F-11D3-BF4B-00C04F79EFBC}") = "Test.WebAPI", "Test.WebAPI\Test.WebAPI.csproj", "{CADC7532-9C81-4A95-9810-B1F0BAE65D8D}"
EndProject
Global
	GlobalSection(SolutionConfigurationPlatforms) = preSolution
		Debug|Any CPU = Debug|Any CPU
		Release|Any CPU = Release|Any CPU
	EndGlobalSection
	GlobalSection(ProjectConfigurationPlatforms) = postSolution
		{12D2511C-5023-428B-80D7-14ED705B453D}.Debug|Any CPU.ActiveCfg = Debug|Any CPU
		{12D2511C-5023-428B-80D7-14ED705B453D}.Debug|Any CPU.Build.0 = Debug|Any CPU
		{12D2511C-5023-428B-80D7-14ED705B453D}.Release|Any CPU.ActiveCfg = Release|Any CPU
		{12D2511C-5023-428B-80D7-14ED705B453D}.Release|Any CPU.Build.0 = Release|Any CPU
		{084B99A4-F323-4C2A-B567-6A3A95886DBF}.Debug|Any CPU.ActiveCfg = Debug|Any CPU
		{084B99A4-F323-4C2A-B567-6A3A95886DBF}.Debug|Any CPU.Build.0 = Debug|Any CPU
		{084B99A4-F323-4C2A-B567-6A3A95886DBF}.Release|Any CPU.ActiveCfg = Release|Any CPU
		{084B99A4-F323-4C2A-B567-6A3A95886DBF}.Release|Any CPU.Build.0 = Release|Any CPU
		{7A435020-CDE0-4A86-A092-7FCCBDD0007C}.Debug|Any CPU.ActiveCfg = Debug|Any CPU
		{7A435020-CDE0-4A86-A092-7FCCBDD0007C}.Debug|Any CPU.Build.0 = Debug|Any CPU
		{7A435020-CDE0-4A86-A092-7FCCBDD0007C}.Release|Any CPU.ActiveCfg = Release|Any CPU
		{7A435020-CDE0-4A86-A092-7FCCBDD0007C}.Release|Any CPU.Build.0 = Release|Any CPU
		{B154190F-C7B5-4236-92E2-7CF6D6E94295}.Debug|Any CPU.ActiveCfg = Debug|Any CPU
		{B154190F-C7B5-4236-92E2-7CF6D6E94295}.Debug|Any CPU.Build.0 = Debug|Any CPU
		{B154190F-C7B5-4236-92E2-7CF6D6E94295}.Release|Any CPU.ActiveCfg = Release|Any CPU
		{B154190F-C7B5-4236-92E2-7CF6D6E94295}.Release|Any CPU.Build.0 = Release|Any CPU
		{B0759E96-F857-4867-B5D9-53C1B92BF7C2}.Debug|Any CPU.ActiveCfg = Debug|Any CPU
		{B0759E96-F857-4867-B5D9-53C1B92BF7C2}.Debug|Any CPU.Build.0 = Debug|Any CPU
		{B0759E96-F857-4867-B5D9-53C1B92BF7C2}.Release|Any CPU.ActiveCfg = Release|Any CPU
		{B0759E96-F857-4867-B5D9-53C1B92BF7C2}.Release|Any CPU.Build.0 = Release|Any CPU
		{9F6B4D84-D873-47BD-A4CD-3425403CD0E5}.Debug|Any CPU.ActiveCfg = Debug|Any CPU
		{9F6B4D84-D873-47BD-A4CD-3425403CD0E5}.Debug|Any CPU.Build.0 = Debug|Any CPU
		{9F6B4D84-D873-47BD-A4CD-3425403CD0E5}.Release|Any CPU.ActiveCfg = Release|Any CPU
		{9F6B4D84-D873-47BD-A4CD-3425403CD0E5}.Release|Any CPU.Build.0 = Release|Any CPU
		{710294D3-6CF4-428F-A351-A00EAAC4CF42}.Debug|Any CPU.ActiveCfg = Debug|Any CPU
		{710294D3-6CF4-428F-A351-A00EAAC4CF42}.Debug|Any CPU.Build.0 = Debug|Any CPU
		{710294D3-6CF4-428F-A351-A00EAAC4CF42}.Release|Any CPU.ActiveCfg = Release|Any CPU
		{710294D3-6CF4-428F-A351-A00EAAC4CF42}.Release|Any CPU.Build.0 = Release|Any CPU
		{BAA2E0A5-A05F-4510-905C-F1ECB1D94846}.Debug|Any CPU.ActiveCfg = Debug|Any CPU
		{BAA2E0A5-A05F-4510-905C-F1ECB1D94846}.Debug|Any CPU.Build.0 = Debug|Any CPU
		{BAA2E0A5-A05F-4510-905C-F1ECB1D94846}.Release|Any CPU.ActiveCfg = Release|Any CPU
		{BAA2E0A5-A05F-4510-905C-F1ECB1D94846}.Release|Any CPU.Build.0 = Release|Any CPU
		{FFB16877-1869-4919-AA95-DBE656413BA8}.Debug|Any CPU.ActiveCfg = Debug|Any CPU
		{FFB16877-1869-4919-AA95-DBE656413BA8}.Debug|Any CPU.Build.0 = Debug|Any CPU
		{FFB16877-1869-4919-AA95-DBE656413BA8}.Release|Any CPU.ActiveCfg = Release|Any CPU
		{FFB16877-1869-4919-AA95-DBE656413BA8}.Release|Any CPU.Build.0 = Release|Any CPU
		{CA147AC7-7B3A-416A-9B46-D6BBAE39A051}.Debug|Any CPU.ActiveCfg = Debug|Any CPU
		{CA147AC7-7B3A-416A-9B46-D6BBAE39A051}.Debug|Any CPU.Build.0 = Debug|Any CPU
		{CA147AC7-7B3A-416A-9B46-D6BBAE39A051}.Release|Any CPU.ActiveCfg = Release|Any CPU
		{CA147AC7-7B3A-416A-9B46-D6BBAE39A051}.Release|Any CPU.Build.0 = Release|Any CPU
		{38B83A36-305C-420D-85D0-6C501F175757}.Debug|Any CPU.ActiveCfg = Debug|Any CPU
		{38B83A36-305C-420D-85D0-6C501F175757}.Debug|Any CPU.Build.0 = Debug|Any CPU
		{38B83A36-305C-420D-85D0-6C501F175757}.Release|Any CPU.ActiveCfg = Release|Any CPU
		{38B83A36-305C-420D-85D0-6C501F175757}.Release|Any CPU.Build.0 = Release|Any CPU
		{CADC7532-9C81-4A95-9810-B1F0BAE65D8D}.Debug|Any CPU.ActiveCfg = Debug|Any CPU
		{CADC7532-9C81-4A95-9810-B1F0BAE65D8D}.Debug|Any CPU.Build.0 = Debug|Any CPU
		{CADC7532-9C81-4A95-9810-B1F0BAE65D8D}.Release|Any CPU.ActiveCfg = Release|Any CPU
		{CADC7532-9C81-4A95-9810-B1F0BAE65D8D}.Release|Any CPU.Build.0 = Release|Any CPU
	EndGlobalSection
	GlobalSection(SolutionProperties) = preSolution
		HideSolutionNode = FALSE
	EndGlobalSection
	GlobalSection(NestedProjects) = preSolution
		{0D93519D-FDC0-4274-B106-7D42F3657DDA} = {B62D6CB1-0BC6-479E-9694-2525993233BC}
		{12D2511C-5023-428B-80D7-14ED705B453D} = {0D93519D-FDC0-4274-B106-7D42F3657DDA}
		{084B99A4-F323-4C2A-B567-6A3A95886DBF} = {0D93519D-FDC0-4274-B106-7D42F3657DDA}
		{7A435020-CDE0-4A86-A092-7FCCBDD0007C} = {0D93519D-FDC0-4274-B106-7D42F3657DDA}
		{B154190F-C7B5-4236-92E2-7CF6D6E94295} = {B62D6CB1-0BC6-479E-9694-2525993233BC}
		{B0759E96-F857-4867-B5D9-53C1B92BF7C2} = {667D6853-C42E-4440-9FA2-F811401BE6C9}
		{667D6853-C42E-4440-9FA2-F811401BE6C9} = {1407D4B5-6CC7-453D-A3A6-185AB5088BD1}
		{30A182E6-2164-448E-9D7B-CF0E230379B8} = {1407D4B5-6CC7-453D-A3A6-185AB5088BD1}
		{9FDAF820-A66A-4064-872A-18DEA70F94D4} = {30A182E6-2164-448E-9D7B-CF0E230379B8}
		{9F6B4D84-D873-47BD-A4CD-3425403CD0E5} = {9FDAF820-A66A-4064-872A-18DEA70F94D4}
		{50A3ACD5-0818-4372-A945-F5D7F625EC4D} = {90DECCA2-5DF2-4525-9786-607C1C29DA65}
		{710294D3-6CF4-428F-A351-A00EAAC4CF42} = {50A3ACD5-0818-4372-A945-F5D7F625EC4D}
		{7D3A023D-07AD-4672-A640-8749E2B64422} = {30A182E6-2164-448E-9D7B-CF0E230379B8}
		{BAA2E0A5-A05F-4510-905C-F1ECB1D94846} = {7D3A023D-07AD-4672-A640-8749E2B64422}
		{99B997CE-6E8C-415B-834E-9FD3996CF265} = {1407D4B5-6CC7-453D-A3A6-185AB5088BD1}
		{FFB16877-1869-4919-AA95-DBE656413BA8} = {99B997CE-6E8C-415B-834E-9FD3996CF265}
		{CA147AC7-7B3A-416A-9B46-D6BBAE39A051} = {99B997CE-6E8C-415B-834E-9FD3996CF265}
		{9CB555C7-13E0-4C6F-A0EF-0230763DC6D3} = {1407D4B5-6CC7-453D-A3A6-185AB5088BD1}
		{38B83A36-305C-420D-85D0-6C501F175757} = {9CB555C7-13E0-4C6F-A0EF-0230763DC6D3}
		{EE754F7D-BA72-41A1-BA50-F44361FD6BE1} = {4FDD8FE0-E784-4086-9140-43F51BF55E83}
		{CADC7532-9C81-4A95-9810-B1F0BAE65D8D} = {EE754F7D-BA72-41A1-BA50-F44361FD6BE1}
	EndGlobalSection
	GlobalSection(ExtensibilityGlobals) = postSolution
		SolutionGuid = {8E533814-89CB-4114-94CC-EEDB508D667C}
	EndGlobalSection
EndGlobal
